# This file is @generated by PDM.
# It is not intended for manual editing.

[metadata]
groups = ["default", "dev"]
cross_platform = true
static_urls = false
lock_version = "4.3"
content_hash = "sha256:fb61d471d9380512bebfef3f48e0e2554b8d96ba02bf6fd0baa0e93e514e3496"

[[package]]
name = "cython"
version = "0.29.36"
requires_python = ">=2.6, !=3.0.*, !=3.1.*, !=3.2.*"
summary = "The Cython compiler for writing C extensions for the Python language."
files = [
    {file = "Cython-0.29.36-cp310-cp310-manylinux_2_17_aarch64.manylinux2014_aarch64.manylinux_2_24_aarch64.whl", hash = "sha256:7cb44aeaf6c5c25bd6a7562ece4eadf50d606fc9b5f624fa95bd0281e8bf0a97"},
    {file = "Cython-0.29.36-cp310-cp310-manylinux_2_17_x86_64.manylinux2014_x86_64.manylinux_2_24_x86_64.whl", hash = "sha256:28fb10aabd56a2e4d399273b48e106abe5a0d271728fd5eed3d36e7171000045"},
    {file = "Cython-0.29.36-cp310-cp310-manylinux_2_5_i686.manylinux1_i686.manylinux_2_24_i686.whl", hash = "sha256:86b7a13c6b23ab6471d40a320f573fbc8a4e39833947eebed96661145dc34771"},
    {file = "Cython-0.29.36-cp310-cp310-musllinux_1_1_x86_64.whl", hash = "sha256:19ccf7fc527cf556e2e6a3dfeffcadfbcabd24a59a988289117795dfed8a25ad"},
    {file = "Cython-0.29.36-cp311-cp311-manylinux_2_17_aarch64.manylinux2014_aarch64.manylinux_2_24_aarch64.whl", hash = "sha256:74bddfc7dc8958526b2018d3adc1aa6dc9cf2a24095c972e5ad06758c360b261"},
    {file = "Cython-0.29.36-cp311-cp311-manylinux_2_17_x86_64.manylinux2014_x86_64.manylinux_2_24_x86_64.whl", hash = "sha256:6c4d7e36fe0211e394adffd296382b435ac22762d14f2fe45c506c230f91cf2d"},
    {file = "Cython-0.29.36-cp311-cp311-manylinux_2_5_i686.manylinux1_i686.manylinux_2_24_i686.whl", hash = "sha256:0bca6a7504e8cfc63a4d3c7c9b9a04e5d05501942a6c8cee177363b61a32c2d4"},
    {file = "Cython-0.29.36-cp311-cp311-musllinux_1_1_x86_64.whl", hash = "sha256:17c74f80b06e2fa8ffc8acd41925f4f9922da8a219cd25c6901beab2f7c56cc5"},
    {file = "Cython-0.29.36-cp312-cp312-musllinux_1_1_x86_64.whl", hash = "sha256:25ff471a459aad82146973b0b8c177175ab896051080713d3035ad4418739f66"},
    {file = "Cython-0.29.36-cp38-cp38-manylinux_2_17_aarch64.manylinux2014_aarch64.manylinux_2_24_aarch64.whl", hash = "sha256:de2045ceae1857e56a72f08e0acfa48c994277a353b7bdab1f097db9f8803f19"},
    {file = "Cython-0.29.36-cp38-cp38-manylinux_2_17_x86_64.manylinux2014_x86_64.manylinux_2_24_x86_64.whl", hash = "sha256:9f2a4b4587aaef08815410dc20653613ca04a120a2954a92c39e37c6b5fdf6be"},
    {file = "Cython-0.29.36-cp38-cp38-manylinux_2_5_i686.manylinux1_i686.manylinux_2_24_i686.whl", hash = "sha256:2edd9f8edca69178d74cbbbc180bc3e848433c9b7dc80374a11a0bb0076c926d"},
    {file = "Cython-0.29.36-cp38-cp38-manylinux_2_5_i686.manylinux1_i686.whl", hash = "sha256:c6c0aea8491a70f98b7496b5057c9523740e02cec21cd678eef609d2aa6c1257"},
    {file = "Cython-0.29.36-cp38-cp38-manylinux_2_5_x86_64.manylinux1_x86_64.whl", hash = "sha256:768f65b16d23c630d8829ce1f95520ef1531a9c0489fa872d87c8c3813f65aee"},
    {file = "Cython-0.29.36-cp38-cp38-musllinux_1_1_x86_64.whl", hash = "sha256:568625e8274ee7288ad87b0f615ec36ab446ca9b35e77481ed010027d99c7020"},
    {file = "Cython-0.29.36-cp39-cp39-manylinux_2_17_aarch64.manylinux2014_aarch64.manylinux_2_24_aarch64.whl", hash = "sha256:bdc0a4cb99f55e6878d4b67a4bfee23823484915cb6b7e9c9dd01002dd3592ea"},
    {file = "Cython-0.29.36-cp39-cp39-manylinux_2_17_x86_64.manylinux2014_x86_64.manylinux_2_24_x86_64.whl", hash = "sha256:f0df6552be39853b10dfb5a10dbd08f5c49023d6b390d7ce92d4792a8b6e73ee"},
    {file = "Cython-0.29.36-cp39-cp39-manylinux_2_5_i686.manylinux1_i686.manylinux_2_24_i686.whl", hash = "sha256:8894db6f5b6479a3c164e0454e13083ebffeaa9a0822668bb2319bdf1b783df1"},
    {file = "Cython-0.29.36-cp39-cp39-manylinux_2_5_i686.manylinux1_i686.whl", hash = "sha256:53f93a8c342e9445a8f0cb7039775294f2dbbe5241936573daeaf0afe30397e4"},
    {file = "Cython-0.29.36-cp39-cp39-manylinux_2_5_x86_64.manylinux1_x86_64.whl", hash = "sha256:ee317f9bcab901a3db39c34ee5a27716f7132e5c0de150125342694d18b30f51"},
    {file = "Cython-0.29.36-cp39-cp39-musllinux_1_1_x86_64.whl", hash = "sha256:e4b8269e5a5d127a2191b02b9df3636c0dac73f14f1ff8a831f39cb5197c4f38"},
    {file = "Cython-0.29.36-py2.py3-none-any.whl", hash = "sha256:95bb13d8be507425d03ebe051f90d4b2a9fdccc64e4f30b35645fdb7542742eb"},
    {file = "Cython-0.29.36.tar.gz", hash = "sha256:41c0cfd2d754e383c9eeb95effc9aa4ab847d0c9747077ddd7c0dcb68c3bc01f"},
]

[[package]]
name = "debugpy"
version = "1.6.7.post1"
requires_python = ">=3.7"
summary = "An implementation of the Debug Adapter Protocol for Python"
files = [
    {file = "debugpy-1.6.7.post1-cp310-cp310-macosx_11_0_x86_64.whl", hash = "sha256:903bd61d5eb433b6c25b48eae5e23821d4c1a19e25c9610205f5aeaccae64e32"},
    {file = "debugpy-1.6.7.post1-cp310-cp310-manylinux_2_17_x86_64.manylinux2014_x86_64.whl", hash = "sha256:d16882030860081e7dd5aa619f30dec3c2f9a421e69861125f83cc372c94e57d"},
    {file = "debugpy-1.6.7.post1-cp310-cp310-win32.whl", hash = "sha256:eea8d8cfb9965ac41b99a61f8e755a8f50e9a20330938ad8271530210f54e09c"},
    {file = "debugpy-1.6.7.post1-cp310-cp310-win_amd64.whl", hash = "sha256:85969d864c45f70c3996067cfa76a319bae749b04171f2cdeceebe4add316155"},
    {file = "debugpy-1.6.7.post1-cp38-cp38-macosx_11_0_x86_64.whl", hash = "sha256:92b6dae8bfbd497c90596bbb69089acf7954164aea3228a99d7e43e5267f5b36"},
    {file = "debugpy-1.6.7.post1-cp38-cp38-manylinux_2_17_x86_64.manylinux2014_x86_64.whl", hash = "sha256:72f5d2ecead8125cf669e62784ef1e6300f4067b0f14d9f95ee00ae06fc7c4f7"},
    {file = "debugpy-1.6.7.post1-cp38-cp38-win32.whl", hash = "sha256:f0851403030f3975d6e2eaa4abf73232ab90b98f041e3c09ba33be2beda43fcf"},
    {file = "debugpy-1.6.7.post1-cp38-cp38-win_amd64.whl", hash = "sha256:3de5d0f97c425dc49bce4293df6a04494309eedadd2b52c22e58d95107e178d9"},
    {file = "debugpy-1.6.7.post1-cp39-cp39-macosx_11_0_x86_64.whl", hash = "sha256:38651c3639a4e8bbf0ca7e52d799f6abd07d622a193c406be375da4d510d968d"},
    {file = "debugpy-1.6.7.post1-cp39-cp39-manylinux_2_17_x86_64.manylinux2014_x86_64.whl", hash = "sha256:038c51268367c9c935905a90b1c2d2dbfe304037c27ba9d19fe7409f8cdc710c"},
    {file = "debugpy-1.6.7.post1-cp39-cp39-win32.whl", hash = "sha256:4b9eba71c290852f959d2cf8a03af28afd3ca639ad374d393d53d367f7f685b2"},
    {file = "debugpy-1.6.7.post1-cp39-cp39-win_amd64.whl", hash = "sha256:973a97ed3b434eab0f792719a484566c35328196540676685c975651266fccf9"},
    {file = "debugpy-1.6.7.post1-py2.py3-none-any.whl", hash = "sha256:1093a5c541af079c13ac8c70ab8b24d1d35c8cacb676306cf11e57f699c02926"},
    {file = "debugpy-1.6.7.post1.zip", hash = "sha256:fe87ec0182ef624855d05e6ed7e0b7cb1359d2ffa2a925f8ec2d22e98b75d0ca"},
]

[[package]]
name = "dotbot"
version = "1.19.2"
summary = "A tool that bootstraps your dotfiles"
dependencies = [
    "PyYAML<6,>=5.3",
]
files = [
    {file = "dotbot-1.19.2-py2.py3-none-any.whl", hash = "sha256:472377d0d498da9f99ebe9182a545018ff56e6523e1b671a3163e18b57bbc990"},
    {file = "dotbot-1.19.2.tar.gz", hash = "sha256:ae4e232fd47085a647826589d1c5bf2bf426c04f777365dc7e1e0626cdac2f01"},
]

[[package]]
name = "pyyaml"
version = "5.4.1"
requires_python = ">=2.7, !=3.0.*, !=3.1.*, !=3.2.*, !=3.3.*, !=3.4.*, !=3.5.*"
summary = "YAML parser and emitter for Python"
files = [
    {file = "PyYAML-5.4.1-cp38-cp38-macosx_10_9_x86_64.whl", hash = "sha256:d2d9808ea7b4af864f35ea216be506ecec180628aced0704e34aca0b040ffe46"},
    {file = "PyYAML-5.4.1-cp38-cp38-manylinux1_x86_64.whl", hash = "sha256:8c1be557ee92a20f184922c7b6424e8ab6691788e6d86137c5d93c1a6ec1b8fb"},
    {file = "PyYAML-5.4.1-cp38-cp38-manylinux2014_aarch64.whl", hash = "sha256:fd7f6999a8070df521b6384004ef42833b9bd62cfee11a09bda1079b4b704247"},
    {file = "PyYAML-5.4.1-cp38-cp38-manylinux2014_s390x.whl", hash = "sha256:bfb51918d4ff3d77c1c856a9699f8492c612cde32fd3bcd344af9be34999bfdc"},
    {file = "PyYAML-5.4.1-cp38-cp38-win32.whl", hash = "sha256:fa5ae20527d8e831e8230cbffd9f8fe952815b2b7dae6ffec25318803a7528fc"},
    {file = "PyYAML-5.4.1-cp38-cp38-win_amd64.whl", hash = "sha256:0f5f5786c0e09baddcd8b4b45f20a7b5d61a7e7e99846e3c799b05c7c53fa696"},
    {file = "PyYAML-5.4.1-cp39-cp39-macosx_10_9_x86_64.whl", hash = "sha256:294db365efa064d00b8d1ef65d8ea2c3426ac366c0c4368d930bf1c5fb497f77"},
    {file = "PyYAML-5.4.1-cp39-cp39-manylinux1_x86_64.whl", hash = "sha256:74c1485f7707cf707a7aef42ef6322b8f97921bd89be2ab6317fd782c2d53183"},
    {file = "PyYAML-5.4.1-cp39-cp39-manylinux2014_aarch64.whl", hash = "sha256:d483ad4e639292c90170eb6f7783ad19490e7a8defb3e46f97dfe4bacae89122"},
    {file = "PyYAML-5.4.1-cp39-cp39-manylinux2014_s390x.whl", hash = "sha256:fdc842473cd33f45ff6bce46aea678a54e3d21f1b61a7750ce3c498eedfe25d6"},
    {file = "PyYAML-5.4.1-cp39-cp39-win32.whl", hash = "sha256:49d4cdd9065b9b6e206d0595fee27a96b5dd22618e7520c33204a4a3239d5b10"},
    {file = "PyYAML-5.4.1-cp39-cp39-win_amd64.whl", hash = "sha256:c20cfa2d49991c8b4147af39859b167664f2ad4561704ee74c1de03318e898db"},
    {file = "PyYAML-5.4.1.tar.gz", hash = "sha256:607774cbba28732bfa802b54baa7484215f530991055bb562efbed5b2f20a45e"},
]
